
Microsoft Visual Studio Solution File, Format Version 12.00
# Visual Studio Version 16
VisualStudioVersion = 16.0.29509.3
MinimumVisualStudioVersion = 10.0.40219.1
Project("{FAE04EC0-301F-11D3-BF4B-00C04F79EFBC}") = "OpenApiSampleServer", "OpenApiSampleServer\OpenApiSampleServer.csproj", "{60F853BD-A456-40DF-B7B4-13985C9CFC82}"
EndProject
Global
	GlobalSection(SolutionConfigurationPlatforms) = preSolution
		Debug|Any CPU = Debug|Any CPU
		Release|Any CPU = Release|Any CPU
	EndGlobalSection
	GlobalSection(ProjectConfigurationPlatforms) = postSolution
		{60F853BD-A456-40DF-B7B4-13985C9CFC82}.Debug|Any CPU.ActiveCfg = Debug|Any CPU
		{60F853BD-A456-40DF-B7B4-13985C9CFC82}.Debug|Any CPU.Build.0 = Debug|Any CPU
		{60F853BD-A456-40DF-B7B4-13985C9CFC82}.Release|Any CPU.ActiveCfg = Release|Any CPU
		{60F853BD-A456-40DF-B7B4-13985C9CFC82}.Release|Any CPU.Build.0 = Release|Any CPU
	EndGlobalSection
	GlobalSection(SolutionProperties) = preSolution
		HideSolutionNode = FALSE
	EndGlobalSection
	GlobalSection(ExtensibilityGlobals) = postSolution
		SolutionGuid = {A8C53E2E-B39F-4D81-915C-D7C4DBC2F61D}
	EndGlobalSection
EndGlobal
